{
  "requires": true,
  "lockfileVersion": 1,
  "dependencies": {
    "async-limiter": {
      "version": "1.0.0",
      "resolved": "https://registry.npmjs.org/async-limiter/-/async-limiter-1.0.0.tgz",
      "integrity": "sha512-jp/uFnooOiO+L211eZOoSyzpOITMXx1rBITauYykG3BRYPu8h0UcxsPNB04RR5vo4Tyz3+ay17tR6JVf9qzYWg==",
      "dev": true
    },
    "isomorphic-ws": {
      "version": "4.0.1",
      "resolved": "https://registry.npmjs.org/isomorphic-ws/-/isomorphic-ws-4.0.1.tgz",
      "integrity": "sha512-BhBvN2MBpWTaSHdWRb/bwdZJ1WaehQ2L1KngkCkfLUGF0mAWAT1sQUQacEmQ0jXkFw/czDXPNQSL5u2/Krsz1w==",
      "dev": true
    },
    "ws": {
      "version": "7.0.1",
      "resolved": "https://registry.npmjs.org/ws/-/ws-7.0.1.tgz",
      "integrity": "sha512-ILHfMbuqLJvnSgYXLgy4kMntroJpe8hT41dOVWM8bxRuw6TK4mgMp9VJUNsZTEc5Bh+Mbs0DJT4M0N+wBG9l9A==",
      "dev": true,
      "requires": {
        "async-limiter": "^1.0.0"
      }
    }
  }
}
